# This file is automatically @generated by Cargo.
# It is not intended for manual editing.
version = 4

[[package]]
name = "booking"
version = "0.1.0"
dependencies = [
 "booking-core",
 "booking-infra",
]

[[package]]
name = "booking-core"
version = "0.1.0"

[[package]]
name = "booking-infra"
version = "0.1.0"
dependencies = [
 "booking-core",
]
